# This file is generated by running "yarn install" inside your project.
# Manual changes might be lost - proceed with caution!

__metadata:
  version: 8
  cacheKey: 10c0

"@ethersproject/abi@npm:5.5.0, @ethersproject/abi@npm:^5.5.0":
  version: 5.5.0
  resolution: "@ethersproject/abi@npm:5.5.0"
  dependencies:
    "@ethersproject/address": "npm:^5.5.0"
    "@ethersproject/bignumber": "npm:^5.5.0"
    "@ethersproject/bytes": "npm:^5.5.0"
    "@ethersproject/constants": "npm:^5.5.0"
    "@ethersproject/hash": "npm:^5.5.0"
    "@ethersproject/keccak256": "npm:^5.5.0"
    "@ethersproject/logger": "npm:^5.5.0"
    "@ethersproject/properties": "npm:^5.5.0"
    "@ethersproject/strings": "npm:^5.5.0"
  checksum: 10c0/8b38b4462c6599fb83f9cbadfff4aa2bdfdc5ff7796c896f45360ab8edbecaf9dab4eb15c719393c1e7b5f7269c5940c553c3d7d256972291920208c75648f33
  languageName: node
  linkType: hard

"@ethersproject/abstract-provider@npm:5.5.1, @ethersproject/abstract-provider@npm:^5.5.0":
  version: 5.5.1
  resolution: "@ethersproject/abstract-provider@npm:5.5.1"
  dependencies:
    "@ethersproject/bignumber": "npm:^5.5.0"
    "@ethersproject/bytes": "npm:^5.5.0"
    "@ethersproject/logger": "npm:^5.5.0"
    "@ethersproject/networks": "npm:^5.5.0"
    "@ethersproject/properties": "npm:^5.5.0"
    "@ethersproject/transactions": "npm:^5.5.0"
    "@ethersproject/web": "npm:^5.5.0"
  checksum: 10c0/4eceaa1c48d7d4662eb56e78aab837dfb58f74823fee138bb5715e48b475d34946d2b9bc9c347e9d2bdd70a1e4e2f5aa82a0a7c3f68881e1a4eba8a948c4b315
  languageName: node
  linkType: hard

"@ethersproject/abstract-signer@npm:5.5.0, @ethersproject/abstract-signer@npm:^5.5.0":
  version: 5.5.0
  resolution: "@ethersproject/abstract-signer@npm:5.5.0"
  dependencies:
    "@ethersproject/abstract-provider": "npm:^5.5.0"
    "@ethersproject/bignumber": "npm:^5.5.0"
    "@ethersproject/bytes": "npm:^5.5.0"
    "@ethersproject/logger": "npm:^5.5.0"
    "@ethersproject/properties": "npm:^5.5.0"
  checksum: 10c0/6fdc8ee7b0ccbc2ea2cb493578b5ea1e6c33a462f4681066edd68638ae9fa8f58608f835daa27c1da94739e8f23ccbcafd22329b9e6b220bfc8092a88ea10715
  languageName: node
  linkType: hard

"@ethersproject/address@npm:5.5.0, @ethersproject/address@npm:^5.5.0":
  version: 5.5.0
  resolution: "@ethersproject/address@npm:5.5.0"
  dependencies:
    "@ethersproject/bignumber": "npm:^5.5.0"
    "@ethersproject/bytes": "npm:^5.5.0"
    "@ethersproject/keccak256": "npm:^5.5.0"
    "@ethersproject/logger": "npm:^5.5.0"
    "@ethersproject/rlp": "npm:^5.5.0"
  checksum: 10c0/55f358c1edf8c4f4951acab9ed4db9bc64cc65d6897ba4820a6dbff4eeb99bf49bbfe36447a6fff39f50e86bc3f089bf658f56db9b8c792f5b05bbc6fd99cc39
  languageName: node
  linkType: hard

"@ethersproject/base64@npm:5.5.0, @ethersproject/base64@npm:^5.5.0":
  version: 5.5.0
  resolution: "@ethersproject/base64@npm:5.5.0"
  dependencies:
    "@ethersproject/bytes": "npm:^5.5.0"
  checksum: 10c0/1c93c88420be379222021ad3b3e2dc775fa0ead584a308de31d01be87fbf9fe3d5eb982cdd68db2d3a4686510df1ad426a4f968b90fa0372abcf24b51a5d88fa
  languageName: node
  linkType: hard

"@ethersproject/basex@npm:5.5.0, @ethersproject/basex@npm:^5.5.0":
  version: 5.5.0
  resolution: "@ethersproject/basex@npm:5.5.0"
  dependencies:
    "@ethersproject/bytes": "npm:^5.5.0"
    "@ethersproject/properties": "npm:^5.5.0"
  checksum: 10c0/ec08761b4df546406ccda432c92a32ab6ac6b4b36c73a129f0a5b262a3af31c94b6749973f26900c541ebead4586d6551120644a0e2557c7bb107f4a3000ef0e
  languageName: node
  linkType: hard

"@ethersproject/bignumber@npm:5.5.0, @ethersproject/bignumber@npm:^5.5.0":
  version: 5.5.0
  resolution: "@ethersproject/bignumber@npm:5.5.0"
  dependencies:
    "@ethersproject/bytes": "npm:^5.5.0"
    "@ethersproject/logger": "npm:^5.5.0"
    bn.js: "npm:^4.11.9"
  checksum: 10c0/9d0e827e0575b0e852c709b7fe56766f10edb04afb31ad7e18776eca837fcc08778458867dc23f8f02f773c37b2591f52dc14b6e329aff077feacc8f2dae0ed8
  languageName: node
  linkType: hard

"@ethersproject/bytes@npm:5.5.0, @ethersproject/bytes@npm:^5.5.0":
  version: 5.5.0
  resolution: "@ethersproject/bytes@npm:5.5.0"
  dependencies:
    "@ethersproject/logger": "npm:^5.5.0"
  checksum: 10c0/4964aace98f17c9d8a4c13decdcc9b5a6362bf6ea9647aabeae0e834faa470ea80ce5ae0e4c4d08697102aafe5b97e5fb29a58623a4fb4d5a06e19bedc5de779
  languageName: node
  linkType: hard

"@ethersproject/constants@npm:5.5.0, @ethersproject/constants@npm:^5.5.0":
  version: 5.5.0
  resolution: "@ethersproject/constants@npm:5.5.0"
  dependencies:
    "@ethersproject/bignumber": "npm:^5.5.0"
  checksum: 10c0/68ea669b79e6e2735561a32fc1d1237d8cc940c2a986885a6ba1dcd067ce23e2659103ce90e804a24533262da5231c81b374370b1fb4a838dae625254341e84b
  languageName: node
  linkType: hard

"@ethersproject/contracts@npm:5.5.0":
  version: 5.5.0
  resolution: "@ethersproject/contracts@npm:5.5.0"
  dependencies:
    "@ethersproject/abi": "npm:^5.5.0"
    "@ethersproject/abstract-provider": "npm:^5.5.0"
    "@ethersproject/abstract-signer": "npm:^5.5.0"
    "@ethersproject/address": "npm:^5.5.0"
    "@ethersproject/bignumber": "npm:^5.5.0"
    "@ethersproject/bytes": "npm:^5.5.0"
    "@ethersproject/constants": "npm:^5.5.0"
    "@ethersproject/logger": "npm:^5.5.0"
    "@ethersproject/properties": "npm:^5.5.0"
    "@ethersproject/transactions": "npm:^5.5.0"
  checksum: 10c0/53904d7a76b930812dd70ad9b8fd3544821a8bec77aa62b01a2039706fb09d3461737ec1c68d95b3d1b7ebe458e36d2d9af4ad093caa110c43177f0962aab86b
  languageName: node
  linkType: hard

"@ethersproject/hash@npm:5.5.0, @ethersproject/hash@npm:^5.5.0":
  version: 5.5.0
  resolution: "@ethersproject/hash@npm:5.5.0"
  dependencies:
    "@ethersproject/abstract-signer": "npm:^5.5.0"
    "@ethersproject/address": "npm:^5.5.0"
    "@ethersproject/bignumber": "npm:^5.5.0"
    "@ethersproject/bytes": "npm:^5.5.0"
    "@ethersproject/keccak256": "npm:^5.5.0"
    "@ethersproject/logger": "npm:^5.5.0"
    "@ethersproject/properties": "npm:^5.5.0"
    "@ethersproject/strings": "npm:^5.5.0"
  checksum: 10c0/ac1abdb4e76b3537bd989d42aac0fda55a8c647141c87ccd03691f4922d3cb29ced4d50f5bbfd09560c178471121d6e68a67b570d1cb476481ea1ab9242effb3
  languageName: node
  linkType: hard

"@ethersproject/hdnode@npm:5.5.0, @ethersproject/hdnode@npm:^5.5.0":
  version: 5.5.0
  resolution: "@ethersproject/hdnode@npm:5.5.0"
  dependencies:
    "@ethersproject/abstract-signer": "npm:^5.5.0"
    "@ethersproject/basex": "npm:^5.5.0"
    "@ethersproject/bignumber": "npm:^5.5.0"
    "@ethersproject/bytes": "npm:^5.5.0"
    "@ethersproject/logger": "npm:^5.5.0"
    "@ethersproject/pbkdf2": "npm:^5.5.0"
    "@ethersproject/properties": "npm:^5.5.0"
    "@ethersproject/sha2": "npm:^5.5.0"
    "@ethersproject/signing-key": "npm:^5.5.0"
    "@ethersproject/strings": "npm:^5.5.0"
    "@ethersproject/transactions": "npm:^5.5.0"
    "@ethersproject/wordlists": "npm:^5.5.0"
  checksum: 10c0/b0e3b55c954fb366ba60fb060ee04d15ac9fe0125587cc911e119086d807b9a5ea13e38b96dafc826f9c018e3342b306777251094dd903e6f459bb172e2f2be1
  languageName: node
  linkType: hard

"@ethersproject/json-wallets@npm:5.5.0, @ethersproject/json-wallets@npm:^5.5.0":
  version: 5.5.0
  resolution: "@ethersproject/json-wallets@npm:5.5.0"
  dependencies:
    "@ethersproject/abstract-signer": "npm:^5.5.0"
    "@ethersproject/address": "npm:^5.5.0"
    "@ethersproject/bytes": "npm:^5.5.0"
    "@ethersproject/hdnode": "npm:^5.5.0"
    "@ethersproject/keccak256": "npm:^5.5.0"
    "@ethersproject/logger": "npm:^5.5.0"
    "@ethersproject/pbkdf2": "npm:^5.5.0"
    "@ethersproject/properties": "npm:^5.5.0"
    "@ethersproject/random": "npm:^5.5.0"
    "@ethersproject/strings": "npm:^5.5.0"
    "@ethersproject/transactions": "npm:^5.5.0"
    aes-js: "npm:3.0.0"
    scrypt-js: "npm:3.0.1"
  checksum: 10c0/383a982701a04312bfccbc99633b24b7ff5b070f7a220d071e6b8e2f1d7c4c9038ca0e76177ff741ab26b40c12e8341217481b5c6aaee91979bac9b9158acbcc
  languageName: node
  linkType: hard

"@ethersproject/keccak256@npm:5.5.0, @ethersproject/keccak256@npm:^5.5.0":
  version: 5.5.0
  resolution: "@ethersproject/keccak256@npm:5.5.0"
  dependencies:
    "@ethersproject/bytes": "npm:^5.5.0"
    js-sha3: "npm:0.8.0"
  checksum: 10c0/e88d9db6f84227dc8216677fc692a10289c383bf63d207da7ad8beb0d8b112650dc3fbacadb6cc864304d9fe5243235bc6a49de6a37321ab05793717cedcaaac
  languageName: node
  linkType: hard

"@ethersproject/logger@npm:5.5.0, @ethersproject/logger@npm:^5.5.0":
  version: 5.5.0
  resolution: "@ethersproject/logger@npm:5.5.0"
  checksum: 10c0/e8f83396ee505f8556dfc04aad252ddab4cdc40636cb186e420977e498864312d9b32f336843ab666b30730893bd972b57658518eefacc425ca469adaa8f385e
  languageName: node
  linkType: hard

"@ethersproject/networks@npm:5.5.2, @ethersproject/networks@npm:^5.5.0":
  version: 5.5.2
  resolution: "@ethersproject/networks@npm:5.5.2"
  dependencies:
    "@ethersproject/logger": "npm:^5.5.0"
  checksum: 10c0/46b65590f33f1221fbed1d3fc7fe3ff8e5d431e9137ec725dd505ededbcbecfd40f89f71dfdf754fc1168a3ee7c1e0adf2ff888ac500c5ab4fefa146d6a89d8d
  languageName: node
  linkType: hard

"@ethersproject/pbkdf2@npm:5.5.0, @ethersproject/pbkdf2@npm:^5.5.0":
  version: 5.5.0
  resolution: "@ethersproject/pbkdf2@npm:5.5.0"
  dependencies:
    "@ethersproject/bytes": "npm:^5.5.0"
    "@ethersproject/sha2": "npm:^5.5.0"
  checksum: 10c0/ac761fa8286463dafd4531be3de8f0f0421fc4b6fe008226e828b5a7c0369fe965fc6985539b0f1facaa80e332f25e52d4fc460ab082486d079255da9e570f7a
  languageName: node
  linkType: hard

"@ethersproject/properties@npm:5.5.0, @ethersproject/properties@npm:^5.5.0":
  version: 5.5.0
  resolution: "@ethersproject/properties@npm:5.5.0"
  dependencies:
    "@ethersproject/logger": "npm:^5.5.0"
  checksum: 10c0/bc5521fe27f648d90def99333f579852902d7ee0842401c9e76fe60c96f905b0e3f06aa0f2581befa61107ec9b5e36106dab7af293896a474389efef61bdd1be
  languageName: node
  linkType: hard

"@ethersproject/providers@npm:5.5.3":
  version: 5.5.3
  resolution: "@ethersproject/providers@npm:5.5.3"
  dependencies:
    "@ethersproject/abstract-provider": "npm:^5.5.0"
    "@ethersproject/abstract-signer": "npm:^5.5.0"
    "@ethersproject/address": "npm:^5.5.0"
    "@ethersproject/basex": "npm:^5.5.0"
    "@ethersproject/bignumber": "npm:^5.5.0"
    "@ethersproject/bytes": "npm:^5.5.0"
    "@ethersproject/constants": "npm:^5.5.0"
    "@ethersproject/hash": "npm:^5.5.0"
    "@ethersproject/logger": "npm:^5.5.0"
    "@ethersproject/networks": "npm:^5.5.0"
    "@ethersproject/properties": "npm:^5.5.0"
    "@ethersproject/random": "npm:^5.5.0"
    "@ethersproject/rlp": "npm:^5.5.0"
    "@ethersproject/sha2": "npm:^5.5.0"
    "@ethersproject/strings": "npm:^5.5.0"
    "@ethersproject/transactions": "npm:^5.5.0"
    "@ethersproject/web": "npm:^5.5.0"
    bech32: "npm:1.1.4"
    ws: "npm:7.4.6"
  checksum: 10c0/e8719307af72f38cd5353752a4928c68272edd62c81ef225fd0aa58195f6d6406739614fa4b3e2c5a6eabe9ed1ed6e4d0ce0c26d44593b4d5c2fa7b8b4ce8cd5
  languageName: node
  linkType: hard

"@ethersproject/random@npm:5.5.1, @ethersproject/random@npm:^5.5.0":
  version: 5.5.1
  resolution: "@ethersproject/random@npm:5.5.1"
  dependencies:
    "@ethersproject/bytes": "npm:^5.5.0"
    "@ethersproject/logger": "npm:^5.5.0"
  checksum: 10c0/241f7b60b6983a17b698f8f9a67bbcac98b1f6eed8ea1f96577279a6ecc5dc457f41d1c8e8d2f534bade3e4bfbed7d0d8b89be1b0b01a16a4584abbd58cb55cc
  languageName: node
  linkType: hard

"@ethersproject/rlp@npm:5.5.0, @ethersproject/rlp@npm:^5.5.0":
  version: 5.5.0
  resolution: "@ethersproject/rlp@npm:5.5.0"
  dependencies:
    "@ethersproject/bytes": "npm:^5.5.0"
    "@ethersproject/logger": "npm:^5.5.0"
  checksum: 10c0/0e3a3297843531aa572ce5eae6ec9ef0c9b3aecc4829d970f370e6a1cda58b71a8340378618f0e4e9b52b830f99081b3b4ec02c3cdf5a50cec3bb2cf25745ece
  languageName: node
  linkType: hard

"@ethersproject/sha2@npm:5.5.0, @ethersproject/sha2@npm:^5.5.0":
  version: 5.5.0
  resolution: "@ethersproject/sha2@npm:5.5.0"
  dependencies:
    "@ethersproject/bytes": "npm:^5.5.0"
    "@ethersproject/logger": "npm:^5.5.0"
    hash.js: "npm:1.1.7"
  checksum: 10c0/fef85ce64f285773580d5a9903557d6b356109745267314b8b94f0976dbce48295f56668a01b175adcaaa0820f9567e4fce56febd1f93539619214183069d48e
  languageName: node
  linkType: hard

"@ethersproject/signing-key@npm:5.5.0, @ethersproject/signing-key@npm:^5.5.0":
  version: 5.5.0
  resolution: "@ethersproject/signing-key@npm:5.5.0"
  dependencies:
    "@ethersproject/bytes": "npm:^5.5.0"
    "@ethersproject/logger": "npm:^5.5.0"
    "@ethersproject/properties": "npm:^5.5.0"
    bn.js: "npm:^4.11.9"
    elliptic: "npm:6.5.4"
    hash.js: "npm:1.1.7"
  checksum: 10c0/ab99a8477780bb92183cbd8b591668c7a58c15db3cee85ea522e081dfaf379a009995a6df390586bb9bf6d41b5c96d320e898b5c326c0db2b06bc823efb3fe5e
  languageName: node
  linkType: hard

"@ethersproject/solidity@npm:5.5.0":
  version: 5.5.0
  resolution: "@ethersproject/solidity@npm:5.5.0"
  dependencies:
    "@ethersproject/bignumber": "npm:^5.5.0"
    "@ethersproject/bytes": "npm:^5.5.0"
    "@ethersproject/keccak256": "npm:^5.5.0"
    "@ethersproject/logger": "npm:^5.5.0"
    "@ethersproject/sha2": "npm:^5.5.0"
    "@ethersproject/strings": "npm:^5.5.0"
  checksum: 10c0/1953cb73f2f7fb1f20165ad501dfaac2c65b921ae32c5b1acd3de7ff6d6236eca4ba22ec1db67392d22dc5d90680d0a18c12c9fcea33c7c67a0d5f5a40d4ab02
  languageName: node
  linkType: hard

"@ethersproject/strings@npm:5.5.0, @ethersproject/strings@npm:^5.5.0":
  version: 5.5.0
  resolution: "@ethersproject/strings@npm:5.5.0"
  dependencies:
    "@ethersproject/bytes": "npm:^5.5.0"
    "@ethersproject/constants": "npm:^5.5.0"
    "@ethersproject/logger": "npm:^5.5.0"
  checksum: 10c0/b1893dbfaeff931ca6193b06e58a4929b527922154372c07877340ed744b3dce2cc529efdaa01e59a98fc2a8703ea17aacbb4f9581df284fdf0f8a30eb99cb32
  languageName: node
  linkType: hard

"@ethersproject/transactions@npm:5.5.0, @ethersproject/transactions@npm:^5.5.0":
  version: 5.5.0
  resolution: "@ethersproject/transactions@npm:5.5.0"
  dependencies:
    "@ethersproject/address": "npm:^5.5.0"
    "@ethersproject/bignumber": "npm:^5.5.0"
    "@ethersproject/bytes": "npm:^5.5.0"
    "@ethersproject/constants": "npm:^5.5.0"
    "@ethersproject/keccak256": "npm:^5.5.0"
    "@ethersproject/logger": "npm:^5.5.0"
    "@ethersproject/properties": "npm:^5.5.0"
    "@ethersproject/rlp": "npm:^5.5.0"
    "@ethersproject/signing-key": "npm:^5.5.0"
  checksum: 10c0/7dc61ad8bc8e7542b7034d37ee0b896b192a8610084111eaa70eb495c3d3a4e282407a568fcf40baae1cc9db87bb7345bfd2c15512ae7ac9036b8227525f02e1
  languageName: node
  linkType: hard

"@ethersproject/units@npm:5.5.0":
  version: 5.5.0
  resolution: "@ethersproject/units@npm:5.5.0"
  dependencies:
    "@ethersproject/bignumber": "npm:^5.5.0"
    "@ethersproject/constants": "npm:^5.5.0"
    "@ethersproject/logger": "npm:^5.5.0"
  checksum: 10c0/dc24228ef7c3336087494ceb3fc0b274a5c57fba8e39e6f960c085e1661908d68670790c15953c440ebf590850045572578a4bec947549d77b0134280aab8e00
  languageName: node
  linkType: hard

"@ethersproject/wallet@npm:5.5.0":
  version: 5.5.0
  resolution: "@ethersproject/wallet@npm:5.5.0"
  dependencies:
    "@ethersproject/abstract-provider": "npm:^5.5.0"
    "@ethersproject/abstract-signer": "npm:^5.5.0"
    "@ethersproject/address": "npm:^5.5.0"
    "@ethersproject/bignumber": "npm:^5.5.0"
    "@ethersproject/bytes": "npm:^5.5.0"
    "@ethersproject/hash": "npm:^5.5.0"
    "@ethersproject/hdnode": "npm:^5.5.0"
    "@ethersproject/json-wallets": "npm:^5.5.0"
    "@ethersproject/keccak256": "npm:^5.5.0"
    "@ethersproject/logger": "npm:^5.5.0"
    "@ethersproject/properties": "npm:^5.5.0"
    "@ethersproject/random": "npm:^5.5.0"
    "@ethersproject/signing-key": "npm:^5.5.0"
    "@ethersproject/transactions": "npm:^5.5.0"
    "@ethersproject/wordlists": "npm:^5.5.0"
  checksum: 10c0/b824957e482b3df43a9b09d589157ee89bf8d2e7d40e74dc5dbc3b65f861c0d7d9b8ff44392b878a9cb6c8e91e494da7a4b189dade343f08dd5d21043010221a
  languageName: node
  linkType: hard

"@ethersproject/web@npm:5.5.1, @ethersproject/web@npm:^5.5.0":
  version: 5.5.1
  resolution: "@ethersproject/web@npm:5.5.1"
  dependencies:
    "@ethersproject/base64": "npm:^5.5.0"
    "@ethersproject/bytes": "npm:^5.5.0"
    "@ethersproject/logger": "npm:^5.5.0"
    "@ethersproject/properties": "npm:^5.5.0"
    "@ethersproject/strings": "npm:^5.5.0"
  checksum: 10c0/6933c952a1638fdff949babc37c7eb47c1fcb2245ae2accb67f4fb03e5b00ee099c5f80bd2d1dc93f2b4fb9f3e2d3f3b4d7a8ac4eb46d3adbf1081611968bb52
  languageName: node
  linkType: hard

"@ethersproject/wordlists@npm:5.5.0, @ethersproject/wordlists@npm:^5.5.0":
  version: 5.5.0
  resolution: "@ethersproject/wordlists@npm:5.5.0"
  dependencies:
    "@ethersproject/bytes": "npm:^5.5.0"
    "@ethersproject/hash": "npm:^5.5.0"
    "@ethersproject/logger": "npm:^5.5.0"
    "@ethersproject/properties": "npm:^5.5.0"
    "@ethersproject/strings": "npm:^5.5.0"
  checksum: 10c0/6f690525f787d177354e2ac49c607ea885c688505aba6666893cfa75ece216904e91581c8b88f48991b9662976fd130fc37f273067e89a29d4917603d91518cc
  languageName: node
  linkType: hard

"@w3bsauce/core@file:../../packages/core::locator=%40w3bsauce%2Fmetamask%40workspace%3A.":
  version: 1.0.0
  resolution: "@w3bsauce/core@file:../../packages/core#../../packages/core::hash=12e091&locator=%40w3bsauce%2Fmetamask%40workspace%3A."
  dependencies:
    ethers: "npm:^5.5.3"
    rxjs: "npm:^7.5.2"
  checksum: 10c0/9ee7f0ce1df51d75d9cbb515b249187023e1151848b5c8a6c96ddcc0a7eb1a3fa78a151a56a671a42ddb41232367259223fa995253134c76a73093217a1acb65
  languageName: node
  linkType: hard

"@w3bsauce/metamask@workspace:.":
  version: 0.0.0-use.local
  resolution: "@w3bsauce/metamask@workspace:."
  dependencies:
    "@w3bsauce/core": ../../packages/core
    ethers: "npm:^5.5.3"
    rxjs: "npm:^7.5.2"
  languageName: unknown
  linkType: soft

"aes-js@npm:3.0.0":
  version: 3.0.0
  resolution: "aes-js@npm:3.0.0"
  checksum: 10c0/87dd5b2363534b867db7cef8bc85a90c355460783744877b2db7c8be09740aac5750714f9e00902822f692662bda74cdf40e03fbb5214ffec75c2666666288b8
  languageName: node
  linkType: hard

"bech32@npm:1.1.4":
  version: 1.1.4
  resolution: "bech32@npm:1.1.4"
  checksum: 10c0/5f62ca47b8df99ace9c0e0d8deb36a919d91bf40066700aaa9920a45f86bb10eb56d537d559416fd8703aa0fb60dddb642e58f049701e7291df678b2033e5ee5
  languageName: node
  linkType: hard

"bn.js@npm:^4.11.9":
  version: 4.12.0
  resolution: "bn.js@npm:4.12.0"
  checksum: 10c0/9736aaa317421b6b3ed038ff3d4491935a01419ac2d83ddcfebc5717385295fcfcf0c57311d90fe49926d0abbd7a9dbefdd8861e6129939177f7e67ebc645b21
  languageName: node
  linkType: hard

"brorand@npm:^1.1.0":
  version: 1.1.0
  resolution: "brorand@npm:1.1.0"
  checksum: 10c0/6f366d7c4990f82c366e3878492ba9a372a73163c09871e80d82fb4ae0d23f9f8924cb8a662330308206e6b3b76ba1d528b4601c9ef73c2166b440b2ea3b7571
  languageName: node
  linkType: hard

"elliptic@npm:6.5.4":
  version: 6.5.4
  resolution: "elliptic@npm:6.5.4"
  dependencies:
    bn.js: "npm:^4.11.9"
    brorand: "npm:^1.1.0"
    hash.js: "npm:^1.0.0"
    hmac-drbg: "npm:^1.0.1"
    inherits: "npm:^2.0.4"
    minimalistic-assert: "npm:^1.0.1"
    minimalistic-crypto-utils: "npm:^1.0.1"
  checksum: 10c0/5f361270292c3b27cf0843e84526d11dec31652f03c2763c6c2b8178548175ff5eba95341dd62baff92b2265d1af076526915d8af6cc9cb7559c44a62f8ca6e2
  languageName: node
  linkType: hard

"ethers@npm:^5.5.3":
  version: 5.5.4
  resolution: "ethers@npm:5.5.4"
  dependencies:
    "@ethersproject/abi": "npm:5.5.0"
    "@ethersproject/abstract-provider": "npm:5.5.1"
    "@ethersproject/abstract-signer": "npm:5.5.0"
    "@ethersproject/address": "npm:5.5.0"
    "@ethersproject/base64": "npm:5.5.0"
    "@ethersproject/basex": "npm:5.5.0"
    "@ethersproject/bignumber": "npm:5.5.0"
    "@ethersproject/bytes": "npm:5.5.0"
    "@ethersproject/constants": "npm:5.5.0"
    "@ethersproject/contracts": "npm:5.5.0"
    "@ethersproject/hash": "npm:5.5.0"
    "@ethersproject/hdnode": "npm:5.5.0"
    "@ethersproject/json-wallets": "npm:5.5.0"
    "@ethersproject/keccak256": "npm:5.5.0"
    "@ethersproject/logger": "npm:5.5.0"
    "@ethersproject/networks": "npm:5.5.2"
    "@ethersproject/pbkdf2": "npm:5.5.0"
    "@ethersproject/properties": "npm:5.5.0"
    "@ethersproject/providers": "npm:5.5.3"
    "@ethersproject/random": "npm:5.5.1"
    "@ethersproject/rlp": "npm:5.5.0"
    "@ethersproject/sha2": "npm:5.5.0"
    "@ethersproject/signing-key": "npm:5.5.0"
    "@ethersproject/solidity": "npm:5.5.0"
    "@ethersproject/strings": "npm:5.5.0"
    "@ethersproject/transactions": "npm:5.5.0"
    "@ethersproject/units": "npm:5.5.0"
    "@ethersproject/wallet": "npm:5.5.0"
    "@ethersproject/web": "npm:5.5.1"
    "@ethersproject/wordlists": "npm:5.5.0"
  checksum: 10c0/c109807411429af55780616971e36abe82a04de05cbf154f1cb9e6cafcb488ffc1d4abdce57dfdd8d7ec5885cf7da54a31ac0eb7d683409c8886ee8b114bf02c
  languageName: node
  linkType: hard

"hash.js@npm:1.1.7, hash.js@npm:^1.0.0, hash.js@npm:^1.0.3":
  version: 1.1.7
  resolution: "hash.js@npm:1.1.7"
  dependencies:
    inherits: "npm:^2.0.3"
    minimalistic-assert: "npm:^1.0.1"
  checksum: 10c0/41ada59494eac5332cfc1ce6b7ebdd7b88a3864a6d6b08a3ea8ef261332ed60f37f10877e0c825aaa4bddebf164fbffa618286aeeec5296675e2671cbfa746c4
  languageName: node
  linkType: hard

"hmac-drbg@npm:^1.0.1":
  version: 1.0.1
  resolution: "hmac-drbg@npm:1.0.1"
  dependencies:
    hash.js: "npm:^1.0.3"
    minimalistic-assert: "npm:^1.0.0"
    minimalistic-crypto-utils: "npm:^1.0.1"
  checksum: 10c0/f3d9ba31b40257a573f162176ac5930109816036c59a09f901eb2ffd7e5e705c6832bedfff507957125f2086a0ab8f853c0df225642a88bf1fcaea945f20600d
  languageName: node
  linkType: hard

"inherits@npm:^2.0.3, inherits@npm:^2.0.4":
  version: 2.0.4
  resolution: "inherits@npm:2.0.4"
  checksum: 10c0/4e531f648b29039fb7426fb94075e6545faa1eb9fe83c29f0b6d9e7263aceb4289d2d4557db0d428188eeb449cc7c5e77b0a0b2c4e248ff2a65933a0dee49ef2
  languageName: node
  linkType: hard

"js-sha3@npm:0.8.0":
  version: 0.8.0
  resolution: "js-sha3@npm:0.8.0"
  checksum: 10c0/43a21dc7967c871bd2c46cb1c2ae97441a97169f324e509f382d43330d8f75cf2c96dba7c806ab08a425765a9c847efdd4bffbac2d99c3a4f3de6c0218f40533
  languageName: node
  linkType: hard

"minimalistic-assert@npm:^1.0.0, minimalistic-assert@npm:^1.0.1":
  version: 1.0.1
  resolution: "minimalistic-assert@npm:1.0.1"
  checksum: 10c0/96730e5601cd31457f81a296f521eb56036e6f69133c0b18c13fe941109d53ad23a4204d946a0d638d7f3099482a0cec8c9bb6d642604612ce43ee536be3dddd
  languageName: node
  linkType: hard

"minimalistic-crypto-utils@npm:^1.0.1":
  version: 1.0.1
  resolution: "minimalistic-crypto-utils@npm:1.0.1"
  checksum: 10c0/790ecec8c5c73973a4fbf2c663d911033e8494d5fb0960a4500634766ab05d6107d20af896ca2132e7031741f19888154d44b2408ada0852446705441383e9f8
  languageName: node
  linkType: hard

"rxjs@npm:^7.5.2":
  version: 7.5.2
  resolution: "rxjs@npm:7.5.2"
  dependencies:
    tslib: "npm:^2.1.0"
  checksum: 10c0/6d038a373130a301fef28acd14633ac6bcf7247c56c71e11e687854a594263bb96af045bf11a4bff15b152385e73ac3e31fbe516378a4bcf5aae1d67e3b847eb
  languageName: node
  linkType: hard

"scrypt-js@npm:3.0.1":
  version: 3.0.1
  resolution: "scrypt-js@npm:3.0.1"
  checksum: 10c0/e2941e1c8b5c84c7f3732b0153fee624f5329fc4e772a06270ee337d4d2df4174b8abb5e6ad53804a29f53890ecbc78f3775a319323568c0313040c0e55f5b10
  languageName: node
  linkType: hard

"tslib@npm:^2.1.0":
  version: 2.3.1
  resolution: "tslib@npm:2.3.1"
  checksum: 10c0/4efd888895bdb3b987086b2b7793ad1013566f882b0eb7a328384e5ecc0d71cafb16bbeab3196200cbf7f01a73ccc25acc2f131d4ea6ee959be7436a8a306482
  languageName: node
  linkType: hard

"ws@npm:7.4.6":
  version: 7.4.6
  resolution: "ws@npm:7.4.6"
  peerDependencies:
    bufferutil: ^4.0.1
    utf-8-validate: ^5.0.2
  peerDependenciesMeta:
    bufferutil:
      optional: true
    utf-8-validate:
      optional: true
  checksum: 10c0/4b44b59bbc0549c852fb2f0cdb48e40e122a1b6078aeed3d65557cbeb7d37dda7a4f0027afba2e6a7a695de17701226d02b23bd15c97b0837808c16345c62f8e
  languageName: node
  linkType: hard
