# This file is generated by running "yarn install" inside your project.
# Manual changes might be lost - proceed with caution!

__metadata:
  version: 8
  cacheKey: 10

"@ethersproject/abi@npm:5.5.0, @ethersproject/abi@npm:^5.5.0":
  version: 5.5.0
  resolution: "@ethersproject/abi@npm:5.5.0"
  dependencies:
    "@ethersproject/address": "npm:^5.5.0"
    "@ethersproject/bignumber": "npm:^5.5.0"
    "@ethersproject/bytes": "npm:^5.5.0"
    "@ethersproject/constants": "npm:^5.5.0"
    "@ethersproject/hash": "npm:^5.5.0"
    "@ethersproject/keccak256": "npm:^5.5.0"
    "@ethersproject/logger": "npm:^5.5.0"
    "@ethersproject/properties": "npm:^5.5.0"
    "@ethersproject/strings": "npm:^5.5.0"
  checksum: 10/bd1e112b198a39b062f94e70ec62be07829a2d3c607488d613315de5efdb6e8fed9bb988a5161174dc0daee8034bb4ddd7e30e03668b4486189d46dd257ca674
  languageName: node
  linkType: hard

"@ethersproject/abstract-provider@npm:5.5.1, @ethersproject/abstract-provider@npm:^5.5.0":
  version: 5.5.1
  resolution: "@ethersproject/abstract-provider@npm:5.5.1"
  dependencies:
    "@ethersproject/bignumber": "npm:^5.5.0"
    "@ethersproject/bytes": "npm:^5.5.0"
    "@ethersproject/logger": "npm:^5.5.0"
    "@ethersproject/networks": "npm:^5.5.0"
    "@ethersproject/properties": "npm:^5.5.0"
    "@ethersproject/transactions": "npm:^5.5.0"
    "@ethersproject/web": "npm:^5.5.0"
  checksum: 10/0668055c01a130dee9c6f5d43bb901e54bd4430dd158ea01730038e35a2b9d1f8feb76738628ee884a44f11cf4de1612e303bad908bde39f0d0def8ea228d043
  languageName: node
  linkType: hard

"@ethersproject/abstract-signer@npm:5.5.0, @ethersproject/abstract-signer@npm:^5.5.0":
  version: 5.5.0
  resolution: "@ethersproject/abstract-signer@npm:5.5.0"
  dependencies:
    "@ethersproject/abstract-provider": "npm:^5.5.0"
    "@ethersproject/bignumber": "npm:^5.5.0"
    "@ethersproject/bytes": "npm:^5.5.0"
    "@ethersproject/logger": "npm:^5.5.0"
    "@ethersproject/properties": "npm:^5.5.0"
  checksum: 10/e29b49a0e8ce6d61873fe7de310288e498e2be3db9205b384bc098ad67fe46364750b64cdd6df6ce0a6090b5aac5e5d05e07f2737ba8ce14ed97080d2ea4fddb
  languageName: node
  linkType: hard

"@ethersproject/address@npm:5.5.0, @ethersproject/address@npm:^5.5.0":
  version: 5.5.0
  resolution: "@ethersproject/address@npm:5.5.0"
  dependencies:
    "@ethersproject/bignumber": "npm:^5.5.0"
    "@ethersproject/bytes": "npm:^5.5.0"
    "@ethersproject/keccak256": "npm:^5.5.0"
    "@ethersproject/logger": "npm:^5.5.0"
    "@ethersproject/rlp": "npm:^5.5.0"
  checksum: 10/b38c4efd61434f720b33f4a398f5ddbc8a1234bbfccb6895ef73b3f7c27b2e0af4a874769a76e31c48659701800fa50d177fa3adf547094aca31c510adf1b11c
  languageName: node
  linkType: hard

"@ethersproject/base64@npm:5.5.0, @ethersproject/base64@npm:^5.5.0":
  version: 5.5.0
  resolution: "@ethersproject/base64@npm:5.5.0"
  dependencies:
    "@ethersproject/bytes": "npm:^5.5.0"
  checksum: 10/563991f6fc8bed96f04b99578de0126296ba48d8df283bcd811668191365ba533c9b46f85cd9b1ea9ee017e786d515ea7b592de8d6374609be05785469c1af74
  languageName: node
  linkType: hard

"@ethersproject/basex@npm:5.5.0, @ethersproject/basex@npm:^5.5.0":
  version: 5.5.0
  resolution: "@ethersproject/basex@npm:5.5.0"
  dependencies:
    "@ethersproject/bytes": "npm:^5.5.0"
    "@ethersproject/properties": "npm:^5.5.0"
  checksum: 10/89e9b3bf4e96ca7734ba5aab5709d7335bd2fdb6f7247dcf0a62bf2f5923512d1a37531187aeef37ce91ac37081c2e11db68a78c3e005e43795f29a971616b94
  languageName: node
  linkType: hard

"@ethersproject/bignumber@npm:5.5.0, @ethersproject/bignumber@npm:^5.5.0":
  version: 5.5.0
  resolution: "@ethersproject/bignumber@npm:5.5.0"
  dependencies:
    "@ethersproject/bytes": "npm:^5.5.0"
    "@ethersproject/logger": "npm:^5.5.0"
    bn.js: "npm:^4.11.9"
  checksum: 10/3da18cee3138de4c3d1293c6067c387597dccc4326fffa1594ae40d98cd5fb83d116ab3730b671254ba07dfe488089fc762cb5d409e6d4d0962cae6ff7156c18
  languageName: node
  linkType: hard

"@ethersproject/bytes@npm:5.5.0, @ethersproject/bytes@npm:^5.5.0":
  version: 5.5.0
  resolution: "@ethersproject/bytes@npm:5.5.0"
  dependencies:
    "@ethersproject/logger": "npm:^5.5.0"
  checksum: 10/f5ce43064f516b34d1365b6f89761094e432647fbea6c97de960f7ca84ffc97254c48bbe310c4b493738a49a707a18748094f7cff2400fc0d20608a503d50bd6
  languageName: node
  linkType: hard

"@ethersproject/constants@npm:5.5.0, @ethersproject/constants@npm:^5.5.0":
  version: 5.5.0
  resolution: "@ethersproject/constants@npm:5.5.0"
  dependencies:
    "@ethersproject/bignumber": "npm:^5.5.0"
  checksum: 10/20519ec5abcbff6d2a7f1260f58b33e1c472abdfb2ee3d5428d08091484fed572f8f873b1cb0410f9248f92512016bbf680324f9f2a537b5f65413a6a1359fd3
  languageName: node
  linkType: hard

"@ethersproject/contracts@npm:5.5.0":
  version: 5.5.0
  resolution: "@ethersproject/contracts@npm:5.5.0"
  dependencies:
    "@ethersproject/abi": "npm:^5.5.0"
    "@ethersproject/abstract-provider": "npm:^5.5.0"
    "@ethersproject/abstract-signer": "npm:^5.5.0"
    "@ethersproject/address": "npm:^5.5.0"
    "@ethersproject/bignumber": "npm:^5.5.0"
    "@ethersproject/bytes": "npm:^5.5.0"
    "@ethersproject/constants": "npm:^5.5.0"
    "@ethersproject/logger": "npm:^5.5.0"
    "@ethersproject/properties": "npm:^5.5.0"
    "@ethersproject/transactions": "npm:^5.5.0"
  checksum: 10/407184790fb24f413ffec2e35ebf83c75eb36688267b6421c474605c0f45445d2343b5ba3045892dba53b0017643156cc1c108aee7827ba9ec56d750c9746b3f
  languageName: node
  linkType: hard

"@ethersproject/hash@npm:5.5.0, @ethersproject/hash@npm:^5.5.0":
  version: 5.5.0
  resolution: "@ethersproject/hash@npm:5.5.0"
  dependencies:
    "@ethersproject/abstract-signer": "npm:^5.5.0"
    "@ethersproject/address": "npm:^5.5.0"
    "@ethersproject/bignumber": "npm:^5.5.0"
    "@ethersproject/bytes": "npm:^5.5.0"
    "@ethersproject/keccak256": "npm:^5.5.0"
    "@ethersproject/logger": "npm:^5.5.0"
    "@ethersproject/properties": "npm:^5.5.0"
    "@ethersproject/strings": "npm:^5.5.0"
  checksum: 10/d6bf33bb96a76f35357f026632c52e931da1f47d1a257c35a5e7714bd5b8af78fc297b4f5ab85565fd3c6993c75bc59dd91c5e59f419b1e1c6d86c4c5f8c0886
  languageName: node
  linkType: hard

"@ethersproject/hdnode@npm:5.5.0, @ethersproject/hdnode@npm:^5.5.0":
  version: 5.5.0
  resolution: "@ethersproject/hdnode@npm:5.5.0"
  dependencies:
    "@ethersproject/abstract-signer": "npm:^5.5.0"
    "@ethersproject/basex": "npm:^5.5.0"
    "@ethersproject/bignumber": "npm:^5.5.0"
    "@ethersproject/bytes": "npm:^5.5.0"
    "@ethersproject/logger": "npm:^5.5.0"
    "@ethersproject/pbkdf2": "npm:^5.5.0"
    "@ethersproject/properties": "npm:^5.5.0"
    "@ethersproject/sha2": "npm:^5.5.0"
    "@ethersproject/signing-key": "npm:^5.5.0"
    "@ethersproject/strings": "npm:^5.5.0"
    "@ethersproject/transactions": "npm:^5.5.0"
    "@ethersproject/wordlists": "npm:^5.5.0"
  checksum: 10/6cf358c62a5dc14483821cdeea06203ebecb7a152248a2be43d330f23dfec117c25f33fbfbf8c010ea8e7ab53e1ba58514dc87af3b8145ab8184f223684bc0cb
  languageName: node
  linkType: hard

"@ethersproject/json-wallets@npm:5.5.0, @ethersproject/json-wallets@npm:^5.5.0":
  version: 5.5.0
  resolution: "@ethersproject/json-wallets@npm:5.5.0"
  dependencies:
    "@ethersproject/abstract-signer": "npm:^5.5.0"
    "@ethersproject/address": "npm:^5.5.0"
    "@ethersproject/bytes": "npm:^5.5.0"
    "@ethersproject/hdnode": "npm:^5.5.0"
    "@ethersproject/keccak256": "npm:^5.5.0"
    "@ethersproject/logger": "npm:^5.5.0"
    "@ethersproject/pbkdf2": "npm:^5.5.0"
    "@ethersproject/properties": "npm:^5.5.0"
    "@ethersproject/random": "npm:^5.5.0"
    "@ethersproject/strings": "npm:^5.5.0"
    "@ethersproject/transactions": "npm:^5.5.0"
    aes-js: "npm:3.0.0"
    scrypt-js: "npm:3.0.1"
  checksum: 10/d0f2cdfe5429c26f78f32dacfcc5b152d70c5ddc04fb8cd5f0a762e4e2c42a4c0385f0a8d1cf922e58422412bcf4e6090aaa4408a086c598b74ef0aa60c7f58f
  languageName: node
  linkType: hard

"@ethersproject/keccak256@npm:5.5.0, @ethersproject/keccak256@npm:^5.5.0":
  version: 5.5.0
  resolution: "@ethersproject/keccak256@npm:5.5.0"
  dependencies:
    "@ethersproject/bytes": "npm:^5.5.0"
    js-sha3: "npm:0.8.0"
  checksum: 10/587590c8448f3e1db52320d4fecc807d94a8ee83253110c076c7f8ce3b3127f7fd56c302f1ee80e6bc2764a4949a490ee5143344fabfad2a65020dc2f5896a85
  languageName: node
  linkType: hard

"@ethersproject/logger@npm:5.5.0, @ethersproject/logger@npm:^5.5.0":
  version: 5.5.0
  resolution: "@ethersproject/logger@npm:5.5.0"
  checksum: 10/84269c2221ae03fc11f0017f6fe3b6ad2c29e11ed09b1182511379e9f40ff22dd09043c0bff995f82e37849f21e2eafa5e8a2b4e25a81b9f4f805432d9d6914c
  languageName: node
  linkType: hard

"@ethersproject/networks@npm:5.5.2, @ethersproject/networks@npm:^5.5.0":
  version: 5.5.2
  resolution: "@ethersproject/networks@npm:5.5.2"
  dependencies:
    "@ethersproject/logger": "npm:^5.5.0"
  checksum: 10/09626f4d0a67b543462c19e4afaa12f422165eb3b6ba3b2e289c1cb49e508486887934447bbd53f276d6d532bff8a096cc53142b26df3f6a9c95597e0862da72
  languageName: node
  linkType: hard

"@ethersproject/pbkdf2@npm:5.5.0, @ethersproject/pbkdf2@npm:^5.5.0":
  version: 5.5.0
  resolution: "@ethersproject/pbkdf2@npm:5.5.0"
  dependencies:
    "@ethersproject/bytes": "npm:^5.5.0"
    "@ethersproject/sha2": "npm:^5.5.0"
  checksum: 10/7712738caa794a69c5b5e978e972f141c99139b93204216df186429a5f2319b3e2eeb6463ad3fbcf2f5e4617204f8f517d7fee511f8661b75f072fa59d9d2fa8
  languageName: node
  linkType: hard

"@ethersproject/properties@npm:5.5.0, @ethersproject/properties@npm:^5.5.0":
  version: 5.5.0
  resolution: "@ethersproject/properties@npm:5.5.0"
  dependencies:
    "@ethersproject/logger": "npm:^5.5.0"
  checksum: 10/d395a534f0a7009920b8a3c095a838088b190f84ba07a7263e3e3c4857dcdf3933560dc9fcfd6c7fa0456c00b5dfc988b8999e1286157178715069c78209408a
  languageName: node
  linkType: hard

"@ethersproject/providers@npm:5.5.3":
  version: 5.5.3
  resolution: "@ethersproject/providers@npm:5.5.3"
  dependencies:
    "@ethersproject/abstract-provider": "npm:^5.5.0"
    "@ethersproject/abstract-signer": "npm:^5.5.0"
    "@ethersproject/address": "npm:^5.5.0"
    "@ethersproject/basex": "npm:^5.5.0"
    "@ethersproject/bignumber": "npm:^5.5.0"
    "@ethersproject/bytes": "npm:^5.5.0"
    "@ethersproject/constants": "npm:^5.5.0"
    "@ethersproject/hash": "npm:^5.5.0"
    "@ethersproject/logger": "npm:^5.5.0"
    "@ethersproject/networks": "npm:^5.5.0"
    "@ethersproject/properties": "npm:^5.5.0"
    "@ethersproject/random": "npm:^5.5.0"
    "@ethersproject/rlp": "npm:^5.5.0"
    "@ethersproject/sha2": "npm:^5.5.0"
    "@ethersproject/strings": "npm:^5.5.0"
    "@ethersproject/transactions": "npm:^5.5.0"
    "@ethersproject/web": "npm:^5.5.0"
    bech32: "npm:1.1.4"
    ws: "npm:7.4.6"
  checksum: 10/d8f1b83369b1fa98bc22891cfe2ae1122b270b40c1991ecf03c1af86c7a4b0d5812c39a72e9795ab6961639e796c1dfb3c3edf5bee96654c9e0a36c8cbbc5955
  languageName: node
  linkType: hard

"@ethersproject/random@npm:5.5.1, @ethersproject/random@npm:^5.5.0":
  version: 5.5.1
  resolution: "@ethersproject/random@npm:5.5.1"
  dependencies:
    "@ethersproject/bytes": "npm:^5.5.0"
    "@ethersproject/logger": "npm:^5.5.0"
  checksum: 10/028e31ed85e6856ce0ca65a11f70ee523237ac84f7b8939b595f9df63943fde234a0bd02392b1f4509dee4f0487bfb9fbe97966879d08b49e3ddde9571ea15ea
  languageName: node
  linkType: hard

"@ethersproject/rlp@npm:5.5.0, @ethersproject/rlp@npm:^5.5.0":
  version: 5.5.0
  resolution: "@ethersproject/rlp@npm:5.5.0"
  dependencies:
    "@ethersproject/bytes": "npm:^5.5.0"
    "@ethersproject/logger": "npm:^5.5.0"
  checksum: 10/046c3e53fdb6aec68d11f961738d34aae5cf60220ce7f3774d20e2742c2912c49a72671905507ce510bc45d55c9341e6dd117d3c984a0dc8a750074497852967
  languageName: node
  linkType: hard

"@ethersproject/sha2@npm:5.5.0, @ethersproject/sha2@npm:^5.5.0":
  version: 5.5.0
  resolution: "@ethersproject/sha2@npm:5.5.0"
  dependencies:
    "@ethersproject/bytes": "npm:^5.5.0"
    "@ethersproject/logger": "npm:^5.5.0"
    hash.js: "npm:1.1.7"
  checksum: 10/31d8bc4d0b8a8948e1562de7a2e3bb98709672e66541c0c9ae76e1b93918ad04b4fbe89f9d39bc739627a6bd00978ab256099d1ae30f44ccda7bbd7bea3c5f40
  languageName: node
  linkType: hard

"@ethersproject/signing-key@npm:5.5.0, @ethersproject/signing-key@npm:^5.5.0":
  version: 5.5.0
  resolution: "@ethersproject/signing-key@npm:5.5.0"
  dependencies:
    "@ethersproject/bytes": "npm:^5.5.0"
    "@ethersproject/logger": "npm:^5.5.0"
    "@ethersproject/properties": "npm:^5.5.0"
    bn.js: "npm:^4.11.9"
    elliptic: "npm:6.5.4"
    hash.js: "npm:1.1.7"
  checksum: 10/3c426346bceb73d799f508d61fcebcc5459c42a3eba6292fa11ea7520b849609cb4c29d7aa9f8f9b1cda967b672725d298f1f7c616176eecb7a793d9fa81af1b
  languageName: node
  linkType: hard

"@ethersproject/solidity@npm:5.5.0":
  version: 5.5.0
  resolution: "@ethersproject/solidity@npm:5.5.0"
  dependencies:
    "@ethersproject/bignumber": "npm:^5.5.0"
    "@ethersproject/bytes": "npm:^5.5.0"
    "@ethersproject/keccak256": "npm:^5.5.0"
    "@ethersproject/logger": "npm:^5.5.0"
    "@ethersproject/sha2": "npm:^5.5.0"
    "@ethersproject/strings": "npm:^5.5.0"
  checksum: 10/f19a4ebe235a43fe3749420822e4b5e9f3b7b7a95e6c102cd46b9a589118660db099d9a9ef1770b4d15c3710b97bbebc74852a838644a47a769bc997460dbed7
  languageName: node
  linkType: hard

"@ethersproject/strings@npm:5.5.0, @ethersproject/strings@npm:^5.5.0":
  version: 5.5.0
  resolution: "@ethersproject/strings@npm:5.5.0"
  dependencies:
    "@ethersproject/bytes": "npm:^5.5.0"
    "@ethersproject/constants": "npm:^5.5.0"
    "@ethersproject/logger": "npm:^5.5.0"
  checksum: 10/dd3d601a91ad65049d994bd19e72aa179dfba31d001e8667c82fa7c3f6ae26774cbbc35428f744f397e154918641ff4db10e3e5b49dac9ea8e08807441d5b168
  languageName: node
  linkType: hard

"@ethersproject/transactions@npm:5.5.0, @ethersproject/transactions@npm:^5.5.0":
  version: 5.5.0
  resolution: "@ethersproject/transactions@npm:5.5.0"
  dependencies:
    "@ethersproject/address": "npm:^5.5.0"
    "@ethersproject/bignumber": "npm:^5.5.0"
    "@ethersproject/bytes": "npm:^5.5.0"
    "@ethersproject/constants": "npm:^5.5.0"
    "@ethersproject/keccak256": "npm:^5.5.0"
    "@ethersproject/logger": "npm:^5.5.0"
    "@ethersproject/properties": "npm:^5.5.0"
    "@ethersproject/rlp": "npm:^5.5.0"
    "@ethersproject/signing-key": "npm:^5.5.0"
  checksum: 10/f92868be223abcdbf29ae698162cba4168169f4acd7751fe911dbfe455a7d667d2bf731bbb02c667672ea70694a453d7d95de7b2e8d622b79e8208c326d18e53
  languageName: node
  linkType: hard

"@ethersproject/units@npm:5.5.0":
  version: 5.5.0
  resolution: "@ethersproject/units@npm:5.5.0"
  dependencies:
    "@ethersproject/bignumber": "npm:^5.5.0"
    "@ethersproject/constants": "npm:^5.5.0"
    "@ethersproject/logger": "npm:^5.5.0"
  checksum: 10/7d5a841eb00ec693073dd3f020e1a3207cf917f37af30aaf1b5b3db03ecb2347f84733ea0d820a14cafd12922e8f7137bcf1b0d6309b7520a4a8db7c9e9de7a0
  languageName: node
  linkType: hard

"@ethersproject/wallet@npm:5.5.0":
  version: 5.5.0
  resolution: "@ethersproject/wallet@npm:5.5.0"
  dependencies:
    "@ethersproject/abstract-provider": "npm:^5.5.0"
    "@ethersproject/abstract-signer": "npm:^5.5.0"
    "@ethersproject/address": "npm:^5.5.0"
    "@ethersproject/bignumber": "npm:^5.5.0"
    "@ethersproject/bytes": "npm:^5.5.0"
    "@ethersproject/hash": "npm:^5.5.0"
    "@ethersproject/hdnode": "npm:^5.5.0"
    "@ethersproject/json-wallets": "npm:^5.5.0"
    "@ethersproject/keccak256": "npm:^5.5.0"
    "@ethersproject/logger": "npm:^5.5.0"
    "@ethersproject/properties": "npm:^5.5.0"
    "@ethersproject/random": "npm:^5.5.0"
    "@ethersproject/signing-key": "npm:^5.5.0"
    "@ethersproject/transactions": "npm:^5.5.0"
    "@ethersproject/wordlists": "npm:^5.5.0"
  checksum: 10/6e3933827d975a826534bb0ffd79db97476041dff139eed75884c1f5886835106b89e865b2ebddd3c91456bc6da6de8e472816bba95bcdc123a72e80a141b8c0
  languageName: node
  linkType: hard

"@ethersproject/web@npm:5.5.1, @ethersproject/web@npm:^5.5.0":
  version: 5.5.1
  resolution: "@ethersproject/web@npm:5.5.1"
  dependencies:
    "@ethersproject/base64": "npm:^5.5.0"
    "@ethersproject/bytes": "npm:^5.5.0"
    "@ethersproject/logger": "npm:^5.5.0"
    "@ethersproject/properties": "npm:^5.5.0"
    "@ethersproject/strings": "npm:^5.5.0"
  checksum: 10/3cf4e9726578ea2460c01a5b59969782265cf41e0c5c52f04270c313c87d50766864bdd64a3b022c50c16b0e26c76a4729d33253ac76b5d11f5fb3bd815a0541
  languageName: node
  linkType: hard

"@ethersproject/wordlists@npm:5.5.0, @ethersproject/wordlists@npm:^5.5.0":
  version: 5.5.0
  resolution: "@ethersproject/wordlists@npm:5.5.0"
  dependencies:
    "@ethersproject/bytes": "npm:^5.5.0"
    "@ethersproject/hash": "npm:^5.5.0"
    "@ethersproject/logger": "npm:^5.5.0"
    "@ethersproject/properties": "npm:^5.5.0"
    "@ethersproject/strings": "npm:^5.5.0"
  checksum: 10/7616a08d22e9d9f7dab01aca03e732593ff3df56401d9cf607b7b358ba9348b848906aef0f34836d8477c17d81be364e2932f5afe5be9dc0e6c0013a148b8ce2
  languageName: node
  linkType: hard

"@types/node@npm:^17.0.15":
  version: 17.0.15
  resolution: "@types/node@npm:17.0.15"
  checksum: 10/34859c829972c9a4d7fe53ee31d0615d9ce618aa1687711a48f4e0132edf1a03d458b0bde9399083c51c858ff3366f57997669fa11b01f318d4899c484efb83e
  languageName: node
  linkType: hard

"@w3bsauce/core@workspace:.":
  version: 0.0.0-use.local
  resolution: "@w3bsauce/core@workspace:."
  dependencies:
    "@types/node": "npm:^17.0.15"
    ethers: "npm:^5.5.3"
    rxjs: "npm:^7.5.2"
  languageName: unknown
  linkType: soft

"aes-js@npm:3.0.0":
  version: 3.0.0
  resolution: "aes-js@npm:3.0.0"
  checksum: 10/1b3772e5ba74abdccb6c6b99bf7f50b49057b38c0db1612b46c7024414f16e65ba7f1643b2d6e38490b1870bdf3ba1b87b35e2c831fd3fdaeff015f08aad19d1
  languageName: node
  linkType: hard

"bech32@npm:1.1.4":
  version: 1.1.4
  resolution: "bech32@npm:1.1.4"
  checksum: 10/63ff37c0ce43be914c685ce89700bba1589c319af0dac1ea04f51b33d0e5ecfd40d14c24f527350b94f0a4e236385373bb9122ec276410f354ddcdbf29ca13f4
  languageName: node
  linkType: hard

"bn.js@npm:^4.11.9":
  version: 4.12.0
  resolution: "bn.js@npm:4.12.0"
  checksum: 10/10f8db196d3da5adfc3207d35d0a42aa29033eb33685f20ba2c36cadfe2de63dad05df0a20ab5aae01b418d1c4b3d4d205273085262fa020d17e93ff32b67527
  languageName: node
  linkType: hard

"brorand@npm:^1.1.0":
  version: 1.1.0
  resolution: "brorand@npm:1.1.0"
  checksum: 10/8a05c9f3c4b46572dec6ef71012b1946db6cae8c7bb60ccd4b7dd5a84655db49fe043ecc6272e7ef1f69dc53d6730b9e2a3a03a8310509a3d797a618cbee52be
  languageName: node
  linkType: hard

"elliptic@npm:6.5.4":
  version: 6.5.4
  resolution: "elliptic@npm:6.5.4"
  dependencies:
    bn.js: "npm:^4.11.9"
    brorand: "npm:^1.1.0"
    hash.js: "npm:^1.0.0"
    hmac-drbg: "npm:^1.0.1"
    inherits: "npm:^2.0.4"
    minimalistic-assert: "npm:^1.0.1"
    minimalistic-crypto-utils: "npm:^1.0.1"
  checksum: 10/2cd7ff4b69720dbb2ca1ca650b2cf889d1df60c96d4a99d331931e4fe21e45a7f3b8074e86618ca7e56366c4b6258007f234f9d61d9b0c87bbbc8ea990b99e94
  languageName: node
  linkType: hard

"ethers@npm:^5.5.3":
  version: 5.5.4
  resolution: "ethers@npm:5.5.4"
  dependencies:
    "@ethersproject/abi": "npm:5.5.0"
    "@ethersproject/abstract-provider": "npm:5.5.1"
    "@ethersproject/abstract-signer": "npm:5.5.0"
    "@ethersproject/address": "npm:5.5.0"
    "@ethersproject/base64": "npm:5.5.0"
    "@ethersproject/basex": "npm:5.5.0"
    "@ethersproject/bignumber": "npm:5.5.0"
    "@ethersproject/bytes": "npm:5.5.0"
    "@ethersproject/constants": "npm:5.5.0"
    "@ethersproject/contracts": "npm:5.5.0"
    "@ethersproject/hash": "npm:5.5.0"
    "@ethersproject/hdnode": "npm:5.5.0"
    "@ethersproject/json-wallets": "npm:5.5.0"
    "@ethersproject/keccak256": "npm:5.5.0"
    "@ethersproject/logger": "npm:5.5.0"
    "@ethersproject/networks": "npm:5.5.2"
    "@ethersproject/pbkdf2": "npm:5.5.0"
    "@ethersproject/properties": "npm:5.5.0"
    "@ethersproject/providers": "npm:5.5.3"
    "@ethersproject/random": "npm:5.5.1"
    "@ethersproject/rlp": "npm:5.5.0"
    "@ethersproject/sha2": "npm:5.5.0"
    "@ethersproject/signing-key": "npm:5.5.0"
    "@ethersproject/solidity": "npm:5.5.0"
    "@ethersproject/strings": "npm:5.5.0"
    "@ethersproject/transactions": "npm:5.5.0"
    "@ethersproject/units": "npm:5.5.0"
    "@ethersproject/wallet": "npm:5.5.0"
    "@ethersproject/web": "npm:5.5.1"
    "@ethersproject/wordlists": "npm:5.5.0"
  checksum: 10/68ff64fe9b5b37362c0d811499262a0ff68dd23cdb2d6f27b48d42c64f713f40ecdc06e3d52da2e6514bce42dc0e7df2b815bfb41a3895fde4fa8c4b9c01cec9
  languageName: node
  linkType: hard

"hash.js@npm:1.1.7, hash.js@npm:^1.0.0, hash.js@npm:^1.0.3":
  version: 1.1.7
  resolution: "hash.js@npm:1.1.7"
  dependencies:
    inherits: "npm:^2.0.3"
    minimalistic-assert: "npm:^1.0.1"
  checksum: 10/0c89ee4006606a40f92df5cc3c263342e7fea68110f3e9ef032bd2083650430505db01b6b7926953489517d4027535e4fdc7f970412893d3031c361d3ec8f4b3
  languageName: node
  linkType: hard

"hmac-drbg@npm:^1.0.1":
  version: 1.0.1
  resolution: "hmac-drbg@npm:1.0.1"
  dependencies:
    hash.js: "npm:^1.0.3"
    minimalistic-assert: "npm:^1.0.0"
    minimalistic-crypto-utils: "npm:^1.0.1"
  checksum: 10/0298a1445b8029a69b713d918ecaa84a1d9f614f5857e0c6e1ca517abfa1357216987b2ee08cc6cc73ba82a6c6ddf2ff11b9717a653530ef03be599d4699b836
  languageName: node
  linkType: hard

"inherits@npm:^2.0.3, inherits@npm:^2.0.4":
  version: 2.0.4
  resolution: "inherits@npm:2.0.4"
  checksum: 10/cd45e923bee15186c07fa4c89db0aace24824c482fb887b528304694b2aa6ff8a898da8657046a5dcf3e46cd6db6c61629551f9215f208d7c3f157cf9b290521
  languageName: node
  linkType: hard

"js-sha3@npm:0.8.0":
  version: 0.8.0
  resolution: "js-sha3@npm:0.8.0"
  checksum: 10/a49ac6d3a6bfd7091472a28ab82a94c7fb8544cc584ee1906486536ba1cb4073a166f8c7bb2b0565eade23c5b3a7b8f7816231e0309ab5c549b737632377a20c
  languageName: node
  linkType: hard

"minimalistic-assert@npm:^1.0.0, minimalistic-assert@npm:^1.0.1":
  version: 1.0.1
  resolution: "minimalistic-assert@npm:1.0.1"
  checksum: 10/cc7974a9268fbf130fb055aff76700d7e2d8be5f761fb5c60318d0ed010d839ab3661a533ad29a5d37653133385204c503bfac995aaa4236f4e847461ea32ba7
  languageName: node
  linkType: hard

"minimalistic-crypto-utils@npm:^1.0.1":
  version: 1.0.1
  resolution: "minimalistic-crypto-utils@npm:1.0.1"
  checksum: 10/6e8a0422b30039406efd4c440829ea8f988845db02a3299f372fceba56ffa94994a9c0f2fd70c17f9969eedfbd72f34b5070ead9656a34d3f71c0bd72583a0ed
  languageName: node
  linkType: hard

"rxjs@npm:^7.5.2":
  version: 7.5.2
  resolution: "rxjs@npm:7.5.2"
  dependencies:
    tslib: "npm:^2.1.0"
  checksum: 10/9844f838a1070c12d6d264017095232c5f7c741bb4ad01f9e6fdf5b6bbbb1ea7f8604e13801e0f734d187b9b25f89c9fe1af1297f37b988df24621e68abe7b97
  languageName: node
  linkType: hard

"scrypt-js@npm:3.0.1":
  version: 3.0.1
  resolution: "scrypt-js@npm:3.0.1"
  checksum: 10/2f8aa72b7f76a6f9c446bbec5670f80d47497bccce98474203d89b5667717223eeb04a50492ae685ed7adc5a060fc2d8f9fd988f8f7ebdaf3341967f3aeff116
  languageName: node
  linkType: hard

"tslib@npm:^2.1.0":
  version: 2.3.1
  resolution: "tslib@npm:2.3.1"
  checksum: 10/5e7de59ed9f2b705b399bda28326b7c3e7526deb48bbe1716e2e17fbd4cecbb610253d09c7b8fd0a6e76cfed9304e2e608cdb81bb1ee812d69e5089d1a94c71a
  languageName: node
  linkType: hard

"ws@npm:7.4.6":
  version: 7.4.6
  resolution: "ws@npm:7.4.6"
  peerDependencies:
    bufferutil: ^4.0.1
    utf-8-validate: ^5.0.2
  peerDependenciesMeta:
    bufferutil:
      optional: true
    utf-8-validate:
      optional: true
  checksum: 10/150e3f917b7cde568d833a5ea6ccc4132e59c38d04218afcf2b6c7b845752bd011a9e0dc1303c8694d3c402a0bdec5893661a390b71ff88f0fc81a4e4e66b09c
  languageName: node
  linkType: hard
