# This file is generated by running "yarn install" inside your project.
# Manual changes might be lost - proceed with caution!

__metadata:
  version: 8
  cacheKey: 10

"@types/node@npm:^17.0.15":
  version: 17.0.15
  resolution: "@types/node@npm:17.0.15"
  checksum: 10/34859c829972c9a4d7fe53ee31d0615d9ce618aa1687711a48f4e0132edf1a03d458b0bde9399083c51c858ff3366f57997669fa11b01f318d4899c484efb83e
  languageName: node
  linkType: hard

"@w3bsauce/core@workspace:.":
  version: 0.0.0-use.local
  resolution: "@w3bsauce/core@workspace:."
  dependencies:
    "@types/node": "npm:^17.0.15"
    rxjs: "npm:^7.5.2"
  peerDependencies:
    ethers: "*"
    viem: "*"
    web3: "*"
  languageName: unknown
  linkType: soft

"rxjs@npm:^7.5.2":
  version: 7.5.2
  resolution: "rxjs@npm:7.5.2"
  dependencies:
    tslib: "npm:^2.1.0"
  checksum: 10/9844f838a1070c12d6d264017095232c5f7c741bb4ad01f9e6fdf5b6bbbb1ea7f8604e13801e0f734d187b9b25f89c9fe1af1297f37b988df24621e68abe7b97
  languageName: node
  linkType: hard

"tslib@npm:^2.1.0":
  version: 2.3.1
  resolution: "tslib@npm:2.3.1"
  checksum: 10/5e7de59ed9f2b705b399bda28326b7c3e7526deb48bbe1716e2e17fbd4cecbb610253d09c7b8fd0a6e76cfed9304e2e608cdb81bb1ee812d69e5089d1a94c71a
  languageName: node
  linkType: hard
